// !$*UTF8*$!
{
	archiveVersion = 1;
	classes = {
	};
	objectVersion = 46;
	objects = {

/* Begin PBXBuildFile section */
		2C5196EB1857E80700D8415D /* ExampleListViewController.m in Sources */ = {isa = PBXBuildFile; fileRef = 2C5196EA1857E80700D8415D /* ExampleListViewController.m */; };
		2C519BB91857F4ED00D8415D /* libsqlite3.dylib in Frameworks */ = {isa = PBXBuildFile; fileRef = 2C519BB81857F4ED00D8415D /* libsqlite3.dylib */; };
		2C519E5E1857FA2A00D8415D /* AddressBook.m in Sources */ = {isa = PBXBuildFile; fileRef = 2C519DD31857FA2A00D8415D /* AddressBook.m */; };
		2C519E5F1857FA2A00D8415D /* AddressBookContact.m in Sources */ = {isa = PBXBuildFile; fileRef = 2C519DD51857FA2A00D8415D /* AddressBookContact.m */; };
		2C519E601857FA2A00D8415D /* Audio.m in Sources */ = {isa = PBXBuildFile; fileRef = 2C519DD81857FA2A00D8415D /* Audio.m */; };
		2C519E611857FA2A00D8415D /* AudioGraph.m in Sources */ = {isa = PBXBuildFile; fileRef = 2C519DDA1857FA2A00D8415D /* AudioGraph.m */; };
		2C519E621857FA2A00D8415D /* Camera.m in Sources */ = {isa = PBXBuildFile; fileRef = 2C519DDD1857FA2A00D8415D /* Camera.m */; };
		2C519E631857FA2A00D8415D /* CreditCards.m in Sources */ = {isa = PBXBuildFile; fileRef = 2C519DE01857FA2A00D8415D /* CreditCards.m */; };
		2C519E641857FA2A00D8415D /* EmailAddresses.m in Sources */ = {isa = PBXBuildFile; fileRef = 2C519DE21857FA2A00D8415D /* EmailAddresses.m */; };
		2C519E651857FA2A00D8415D /* Encoder.m in Sources */ = {isa = PBXBuildFile; fileRef = 2C519DE41857FA2A00D8415D /* Encoder.m */; };
		2C519E661857FA2A00D8415D /* Money.m in Sources */ = {isa = PBXBuildFile; fileRef = 2C519DE71857FA2A00D8415D /* Money.m */; };
		2C519E671857FA2A00D8415D /* PhoneFormats.dat in Resources */ = {isa = PBXBuildFile; fileRef = 2C519DE91857FA2A00D8415D /* PhoneFormats.dat */; };
		2C519E681857FA2A00D8415D /* PhoneNumbers.m in Sources */ = {isa = PBXBuildFile; fileRef = 2C519DEB1857FA2A00D8415D /* PhoneNumbers.m */; };
		2C519E691857FA2A00D8415D /* RMPhoneFormat.m in Sources */ = {isa = PBXBuildFile; fileRef = 2C519DED1857FA2A00D8415D /* RMPhoneFormat.m */; };
		2C519E6A1857FA2A00D8415D /* Locations.m in Sources */ = {isa = PBXBuildFile; fileRef = 2C519DF11857FA2A00D8415D /* Locations.m */; };
		2C519E6B1857FA2A00D8415D /* PushNotifications.m in Sources */ = {isa = PBXBuildFile; fileRef = 2C519DF41857FA2A00D8415D /* PushNotifications.m */; };
		2C519E6C1857FA2A00D8415D /* FMDatabase.m in Sources */ = {isa = PBXBuildFile; fileRef = 2C519DF81857FA2A00D8415D /* FMDatabase.m */; };
		2C519E6D1857FA2A00D8415D /* FMDatabaseAdditions.m in Sources */ = {isa = PBXBuildFile; fileRef = 2C519DFA1857FA2A00D8415D /* FMDatabaseAdditions.m */; };
		2C519E6E1857FA2A00D8415D /* FMDatabasePool.m in Sources */ = {isa = PBXBuildFile; fileRef = 2C519DFC1857FA2A00D8415D /* FMDatabasePool.m */; };
		2C519E6F1857FA2A00D8415D /* FMDatabaseQueue.m in Sources */ = {isa = PBXBuildFile; fileRef = 2C519DFE1857FA2A00D8415D /* FMDatabaseQueue.m */; };
		2C519E701857FA2A00D8415D /* FMResultSet.m in Sources */ = {isa = PBXBuildFile; fileRef = 2C519E001857FA2A00D8415D /* FMResultSet.m */; };
		2C519E711857FA2A00D8415D /* SQL.m in Sources */ = {isa = PBXBuildFile; fileRef = 2C519E021857FA2A00D8415D /* SQL.m */; };
		2C519E721857FA2A00D8415D /* Video.m in Sources */ = {isa = PBXBuildFile; fileRef = 2C519E051857FA2A00D8415D /* Video.m */; };
		2C519E731857FA2A00D8415D /* API.m in Sources */ = {isa = PBXBuildFile; fileRef = 2C519E091857FA2A00D8415D /* API.m */; };
		2C519E741857FA2A00D8415D /* DefaultStyles.m in Sources */ = {isa = PBXBuildFile; fileRef = 2C519E0B1857FA2A00D8415D /* DefaultStyles.m */; };
		2C519E751857FA2A00D8415D /* Events.m in Sources */ = {isa = PBXBuildFile; fileRef = 2C519E0D1857FA2A00D8415D /* Events.m */; };
		2C519E761857FA2A00D8415D /* Files.m in Sources */ = {isa = PBXBuildFile; fileRef = 2C519E0F1857FA2A00D8415D /* Files.m */; };
		2C519E771857FA2A00D8415D /* FunGlobals.m in Sources */ = {isa = PBXBuildFile; fileRef = 2C519E121857FA2A00D8415D /* FunGlobals.m */; };
		2C519E781857FA2A00D8415D /* FunRuntimeProperties.m in Sources */ = {isa = PBXBuildFile; fileRef = 2C519E141857FA2A00D8415D /* FunRuntimeProperties.m */; };
		2C519E791857FA2A00D8415D /* JSON.m in Sources */ = {isa = PBXBuildFile; fileRef = 2C519E161857FA2A00D8415D /* JSON.m */; };
		2C519E7A1857FA2A00D8415D /* Keyboard.m in Sources */ = {isa = PBXBuildFile; fileRef = 2C519E181857FA2A00D8415D /* Keyboard.m */; };
		2C519E7B1857FA2A00D8415D /* Layers.m in Sources */ = {isa = PBXBuildFile; fileRef = 2C519E1A1857FA2A00D8415D /* Layers.m */; };
		2C519E7C1857FA2A00D8415D /* Overlay.m in Sources */ = {isa = PBXBuildFile; fileRef = 2C519E1C1857FA2A00D8415D /* Overlay.m */; };
		2C519E7D1857FA2A00D8415D /* State.m in Sources */ = {isa = PBXBuildFile; fileRef = 2C519E1E1857FA2A00D8415D /* State.m */; };
		2C519E7E1857FA2A00D8415D /* Viewport.m in Sources */ = {isa = PBXBuildFile; fileRef = 2C519E201857FA2A00D8415D /* Viewport.m */; };
		2C519E7F1857FA2A00D8415D /* UIImage+Accelerate.m in Sources */ = {isa = PBXBuildFile; fileRef = 2C519E251857FA2A00D8415D /* UIImage+Accelerate.m */; };
		2C519E801857FA2A00D8415D /* NSArray+Fun.m in Sources */ = {isa = PBXBuildFile; fileRef = 2C519E271857FA2A00D8415D /* NSArray+Fun.m */; };
		2C519E811857FA2A00D8415D /* NSData+Fun.m in Sources */ = {isa = PBXBuildFile; fileRef = 2C519E291857FA2A00D8415D /* NSData+Fun.m */; };
		2C519E821857FA2A00D8415D /* NSDate-Utilities.m in Sources */ = {isa = PBXBuildFile; fileRef = 2C519E2C1857FA2A00D8415D /* NSDate-Utilities.m */; };
		2C519E831857FA2A00D8415D /* NSDictionary+Fun.m in Sources */ = {isa = PBXBuildFile; fileRef = 2C519E2E1857FA2A00D8415D /* NSDictionary+Fun.m */; };
		2C519E841857FA2A00D8415D /* NSNull+Fun.m in Sources */ = {isa = PBXBuildFile; fileRef = 2C519E301857FA2A00D8415D /* NSNull+Fun.m */; };
		2C519E851857FA2A00D8415D /* NSNumber+Fun.m in Sources */ = {isa = PBXBuildFile; fileRef = 2C519E321857FA2A00D8415D /* NSNumber+Fun.m */; };
		2C519E861857FA2A00D8415D /* NSObject+Fun.m in Sources */ = {isa = PBXBuildFile; fileRef = 2C519E341857FA2A00D8415D /* NSObject+Fun.m */; };
		2C519E871857FA2A00D8415D /* NSString+Fun.m in Sources */ = {isa = PBXBuildFile; fileRef = 2C519E361857FA2A00D8415D /* NSString+Fun.m */; };
		2C519E881857FA2A00D8415D /* UIColor+Fun.m in Sources */ = {isa = PBXBuildFile; fileRef = 2C519E381857FA2A00D8415D /* UIColor+Fun.m */; };
		2C519E891857FA2A00D8415D /* UIControl+Fun.m in Sources */ = {isa = PBXBuildFile; fileRef = 2C519E3A1857FA2A00D8415D /* UIControl+Fun.m */; };
		2C519E8A1857FA2A00D8415D /* UIScrollView+Fun.m in Sources */ = {isa = PBXBuildFile; fileRef = 2C519E3C1857FA2A00D8415D /* UIScrollView+Fun.m */; };
		2C519E8B1857FA2A00D8415D /* UIView+Fun.m in Sources */ = {isa = PBXBuildFile; fileRef = 2C519E3E1857FA2A00D8415D /* UIView+Fun.m */; };
		2C519E8C1857FA2A00D8415D /* UIView+FunStyle.m in Sources */ = {isa = PBXBuildFile; fileRef = 2C519E401857FA2A00D8415D /* UIView+FunStyle.m */; };
		2C519E8D1857FA2A00D8415D /* DragAndDrop.m in Sources */ = {isa = PBXBuildFile; fileRef = 2C519E441857FA2A00D8415D /* DragAndDrop.m */; };
		2C519E8E1857FA2A00D8415D /* Fonts.m in Sources */ = {isa = PBXBuildFile; fileRef = 2C519E461857FA2A00D8415D /* Fonts.m */; };
		2C519E8F1857FA2A00D8415D /* FunAppDelegate.m in Sources */ = {isa = PBXBuildFile; fileRef = 2C519E481857FA2A00D8415D /* FunAppDelegate.m */; };
		2C519E901857FA2A00D8415D /* FunListViewController.m in Sources */ = {isa = PBXBuildFile; fileRef = 2C519E4A1857FA2A00D8415D /* FunListViewController.m */; };
		2C519E911857FA2A00D8415D /* FunNavigationController.m in Sources */ = {isa = PBXBuildFile; fileRef = 2C519E4C1857FA2A00D8415D /* FunNavigationController.m */; };
		2C519E921857FA2A00D8415D /* FunUI.m in Sources */ = {isa = PBXBuildFile; fileRef = 2C519E4E1857FA2A00D8415D /* FunUI.m */; };
		2C519E931857FA2A00D8415D /* FunViewController.m in Sources */ = {isa = PBXBuildFile; fileRef = 2C519E501857FA2A00D8415D /* FunViewController.m */; };
		2C519E941857FA2A00D8415D /* Images.m in Sources */ = {isa = PBXBuildFile; fileRef = 2C519E531857FA2A00D8415D /* Images.m */; };
		2C519E951857FA2A00D8415D /* UIImage+Fun.m in Sources */ = {isa = PBXBuildFile; fileRef = 2C519E551857FA2A00D8415D /* UIImage+Fun.m */; };
		2C519E961857FA2A00D8415D /* UIImage+Alpha.m in Sources */ = {isa = PBXBuildFile; fileRef = 2C519E581857FA2A00D8415D /* UIImage+Alpha.m */; };
		2C519E971857FA2A00D8415D /* UIImage+Resize.m in Sources */ = {isa = PBXBuildFile; fileRef = 2C519E5A1857FA2A00D8415D /* UIImage+Resize.m */; };
		2C519E981857FA2A00D8415D /* UIImage+RoundedCorner.m in Sources */ = {isa = PBXBuildFile; fileRef = 2C519E5C1857FA2A00D8415D /* UIImage+RoundedCorner.m */; };
		2C57A01C1857CCFC005CE618 /* Foundation.framework in Frameworks */ = {isa = PBXBuildFile; fileRef = 2C57A01B1857CCFC005CE618 /* Foundation.framework */; };
		2C57A01E1857CCFC005CE618 /* CoreGraphics.framework in Frameworks */ = {isa = PBXBuildFile; fileRef = 2C57A01D1857CCFC005CE618 /* CoreGraphics.framework */; };
		2C57A0201857CCFC005CE618 /* UIKit.framework in Frameworks */ = {isa = PBXBuildFile; fileRef = 2C57A01F1857CCFC005CE618 /* UIKit.framework */; };
		2C57A0261857CCFC005CE618 /* InfoPlist.strings in Resources */ = {isa = PBXBuildFile; fileRef = 2C57A0241857CCFC005CE618 /* InfoPlist.strings */; };
		2C57A0281857CCFC005CE618 /* main.m in Sources */ = {isa = PBXBuildFile; fileRef = 2C57A0271857CCFC005CE618 /* main.m */; };
		2C57A02C1857CCFC005CE618 /* AppDelegate.m in Sources */ = {isa = PBXBuildFile; fileRef = 2C57A02B1857CCFC005CE618 /* AppDelegate.m */; };
		2C57A02E1857CCFC005CE618 /* Images.xcassets in Resources */ = {isa = PBXBuildFile; fileRef = 2C57A02D1857CCFC005CE618 /* Images.xcassets */; };
		2C57A0351857CCFC005CE618 /* XCTest.framework in Frameworks */ = {isa = PBXBuildFile; fileRef = 2C57A0341857CCFC005CE618 /* XCTest.framework */; };
		2C57A0361857CCFC005CE618 /* Foundation.framework in Frameworks */ = {isa = PBXBuildFile; fileRef = 2C57A01B1857CCFC005CE618 /* Foundation.framework */; };
		2C57A0371857CCFC005CE618 /* UIKit.framework in Frameworks */ = {isa = PBXBuildFile; fileRef = 2C57A01F1857CCFC005CE618 /* UIKit.framework */; };
		2C57A03F1857CCFC005CE618 /* InfoPlist.strings in Resources */ = {isa = PBXBuildFile; fileRef = 2C57A03D1857CCFC005CE618 /* InfoPlist.strings */; };
		2C57A0411857CCFC005CE618 /* FunObjc_ExamplesTests.m in Sources */ = {isa = PBXBuildFile; fileRef = 2C57A0401857CCFC005CE618 /* FunObjc_ExamplesTests.m */; };
		2C57A1291857CDB1005CE618 /* HomeViewController.m in Sources */ = {isa = PBXBuildFile; fileRef = 2C57A1281857CDB1005CE618 /* HomeViewController.m */; };
/* End PBXBuildFile section */

/* Begin PBXContainerItemProxy section */
		2C57A0381857CCFC005CE618 /* PBXContainerItemProxy */ = {
			isa = PBXContainerItemProxy;
			containerPortal = 2C57A0101857CCFC005CE618 /* Project object */;
			proxyType = 1;
			remoteGlobalIDString = 2C57A0171857CCFC005CE618;
			remoteInfo = "FunObjc Examples";
		};
/* End PBXContainerItemProxy section */

/* Begin PBXFileReference section */
		2C5196E91857E80700D8415D /* ExampleListViewController.h */ = {isa = PBXFileReference; fileEncoding = 4; lastKnownFileType = sourcecode.c.h; path = ExampleListViewController.h; sourceTree = "<group>"; };
		2C5196EA1857E80700D8415D /* ExampleListViewController.m */ = {isa = PBXFileReference; fileEncoding = 4; lastKnownFileType = sourcecode.c.objc; path = ExampleListViewController.m; sourceTree = "<group>"; };
		2C519BB81857F4ED00D8415D /* libsqlite3.dylib */ = {isa = PBXFileReference; lastKnownFileType = "compiled.mach-o.dylib"; name = libsqlite3.dylib; path = usr/lib/libsqlite3.dylib; sourceTree = SDKROOT; };
		2C519DD21857FA2A00D8415D /* AddressBook.h */ = {isa = PBXFileReference; fileEncoding = 4; lastKnownFileType = sourcecode.c.h; path = AddressBook.h; sourceTree = "<group>"; };
		2C519DD31857FA2A00D8415D /* AddressBook.m */ = {isa = PBXFileReference; fileEncoding = 4; lastKnownFileType = sourcecode.c.objc; path = AddressBook.m; sourceTree = "<group>"; };
		2C519DD41857FA2A00D8415D /* AddressBookContact.h */ = {isa = PBXFileReference; fileEncoding = 4; lastKnownFileType = sourcecode.c.h; path = AddressBookContact.h; sourceTree = "<group>"; };
		2C519DD51857FA2A00D8415D /* AddressBookContact.m */ = {isa = PBXFileReference; fileEncoding = 4; lastKnownFileType = sourcecode.c.objc; path = AddressBookContact.m; sourceTree = "<group>"; };
		2C519DD71857FA2A00D8415D /* Audio.h */ = {isa = PBXFileReference; fileEncoding = 4; lastKnownFileType = sourcecode.c.h; path = Audio.h; sourceTree = "<group>"; };
		2C519DD81857FA2A00D8415D /* Audio.m */ = {isa = PBXFileReference; fileEncoding = 4; lastKnownFileType = sourcecode.c.objc; path = Audio.m; sourceTree = "<group>"; };
		2C519DD91857FA2A00D8415D /* AudioGraph.h */ = {isa = PBXFileReference; fileEncoding = 4; lastKnownFileType = sourcecode.c.h; path = AudioGraph.h; sourceTree = "<group>"; };
		2C519DDA1857FA2A00D8415D /* AudioGraph.m */ = {isa = PBXFileReference; fileEncoding = 4; lastKnownFileType = sourcecode.c.objc; path = AudioGraph.m; sourceTree = "<group>"; };
		2C519DDC1857FA2A00D8415D /* Camera.h */ = {isa = PBXFileReference; fileEncoding = 4; lastKnownFileType = sourcecode.c.h; path = Camera.h; sourceTree = "<group>"; };
		2C519DDD1857FA2A00D8415D /* Camera.m */ = {isa = PBXFileReference; fileEncoding = 4; lastKnownFileType = sourcecode.c.objc; path = Camera.m; sourceTree = "<group>"; };
		2C519DDF1857FA2A00D8415D /* CreditCards.h */ = {isa = PBXFileReference; fileEncoding = 4; lastKnownFileType = sourcecode.c.h; path = CreditCards.h; sourceTree = "<group>"; };
		2C519DE01857FA2A00D8415D /* CreditCards.m */ = {isa = PBXFileReference; fileEncoding = 4; lastKnownFileType = sourcecode.c.objc; path = CreditCards.m; sourceTree = "<group>"; };
		2C519DE11857FA2A00D8415D /* EmailAddresses.h */ = {isa = PBXFileReference; fileEncoding = 4; lastKnownFileType = sourcecode.c.h; path = EmailAddresses.h; sourceTree = "<group>"; };
		2C519DE21857FA2A00D8415D /* EmailAddresses.m */ = {isa = PBXFileReference; fileEncoding = 4; lastKnownFileType = sourcecode.c.objc; path = EmailAddresses.m; sourceTree = "<group>"; };
		2C519DE31857FA2A00D8415D /* Encoder.h */ = {isa = PBXFileReference; fileEncoding = 4; lastKnownFileType = sourcecode.c.h; path = Encoder.h; sourceTree = "<group>"; };
		2C519DE41857FA2A00D8415D /* Encoder.m */ = {isa = PBXFileReference; fileEncoding = 4; lastKnownFileType = sourcecode.c.objc; path = Encoder.m; sourceTree = "<group>"; };
		2C519DE51857FA2A00D8415D /* FunDataModels.h */ = {isa = PBXFileReference; fileEncoding = 4; lastKnownFileType = sourcecode.c.h; path = FunDataModels.h; sourceTree = "<group>"; };
		2C519DE61857FA2A00D8415D /* Money.h */ = {isa = PBXFileReference; fileEncoding = 4; lastKnownFileType = sourcecode.c.h; path = Money.h; sourceTree = "<group>"; };
		2C519DE71857FA2A00D8415D /* Money.m */ = {isa = PBXFileReference; fileEncoding = 4; lastKnownFileType = sourcecode.c.objc; path = Money.m; sourceTree = "<group>"; };
		2C519DE91857FA2A00D8415D /* PhoneFormats.dat */ = {isa = PBXFileReference; lastKnownFileType = file; path = PhoneFormats.dat; sourceTree = "<group>"; };
		2C519DEA1857FA2A00D8415D /* PhoneNumbers.h */ = {isa = PBXFileReference; fileEncoding = 4; lastKnownFileType = sourcecode.c.h; path = PhoneNumbers.h; sourceTree = "<group>"; };
		2C519DEB1857FA2A00D8415D /* PhoneNumbers.m */ = {isa = PBXFileReference; fileEncoding = 4; lastKnownFileType = sourcecode.c.objc; path = PhoneNumbers.m; sourceTree = "<group>"; };
		2C519DEC1857FA2A00D8415D /* RMPhoneFormat.h */ = {isa = PBXFileReference; fileEncoding = 4; lastKnownFileType = sourcecode.c.h; path = RMPhoneFormat.h; sourceTree = "<group>"; };
		2C519DED1857FA2A00D8415D /* RMPhoneFormat.m */ = {isa = PBXFileReference; fileEncoding = 4; lastKnownFileType = sourcecode.c.objc; path = RMPhoneFormat.m; sourceTree = "<group>"; };
		2C519DEE1857FA2A00D8415D /* FunMore.h */ = {isa = PBXFileReference; fileEncoding = 4; lastKnownFileType = sourcecode.c.h; path = FunMore.h; sourceTree = "<group>"; };
		2C519DF01857FA2A00D8415D /* Locations.h */ = {isa = PBXFileReference; fileEncoding = 4; lastKnownFileType = sourcecode.c.h; path = Locations.h; sourceTree = "<group>"; };
		2C519DF11857FA2A00D8415D /* Locations.m */ = {isa = PBXFileReference; fileEncoding = 4; lastKnownFileType = sourcecode.c.objc; path = Locations.m; sourceTree = "<group>"; };
		2C519DF31857FA2A00D8415D /* PushNotifications.h */ = {isa = PBXFileReference; fileEncoding = 4; lastKnownFileType = sourcecode.c.h; path = PushNotifications.h; sourceTree = "<group>"; };
		2C519DF41857FA2A00D8415D /* PushNotifications.m */ = {isa = PBXFileReference; fileEncoding = 4; lastKnownFileType = sourcecode.c.objc; path = PushNotifications.m; sourceTree = "<group>"; };
		2C519DF71857FA2A00D8415D /* FMDatabase.h */ = {isa = PBXFileReference; fileEncoding = 4; lastKnownFileType = sourcecode.c.h; path = FMDatabase.h; sourceTree = "<group>"; };
		2C519DF81857FA2A00D8415D /* FMDatabase.m */ = {isa = PBXFileReference; fileEncoding = 4; lastKnownFileType = sourcecode.c.objc; path = FMDatabase.m; sourceTree = "<group>"; };
		2C519DF91857FA2A00D8415D /* FMDatabaseAdditions.h */ = {isa = PBXFileReference; fileEncoding = 4; lastKnownFileType = sourcecode.c.h; path = FMDatabaseAdditions.h; sourceTree = "<group>"; };
		2C519DFA1857FA2A00D8415D /* FMDatabaseAdditions.m */ = {isa = PBXFileReference; fileEncoding = 4; lastKnownFileType = sourcecode.c.objc; path = FMDatabaseAdditions.m; sourceTree = "<group>"; };
		2C519DFB1857FA2A00D8415D /* FMDatabasePool.h */ = {isa = PBXFileReference; fileEncoding = 4; lastKnownFileType = sourcecode.c.h; path = FMDatabasePool.h; sourceTree = "<group>"; };
		2C519DFC1857FA2A00D8415D /* FMDatabasePool.m */ = {isa = PBXFileReference; fileEncoding = 4; lastKnownFileType = sourcecode.c.objc; path = FMDatabasePool.m; sourceTree = "<group>"; };
		2C519DFD1857FA2A00D8415D /* FMDatabaseQueue.h */ = {isa = PBXFileReference; fileEncoding = 4; lastKnownFileType = sourcecode.c.h; path = FMDatabaseQueue.h; sourceTree = "<group>"; };
		2C519DFE1857FA2A00D8415D /* FMDatabaseQueue.m */ = {isa = PBXFileReference; fileEncoding = 4; lastKnownFileType = sourcecode.c.objc; path = FMDatabaseQueue.m; sourceTree = "<group>"; };
		2C519DFF1857FA2A00D8415D /* FMResultSet.h */ = {isa = PBXFileReference; fileEncoding = 4; lastKnownFileType = sourcecode.c.h; path = FMResultSet.h; sourceTree = "<group>"; };
		2C519E001857FA2A00D8415D /* FMResultSet.m */ = {isa = PBXFileReference; fileEncoding = 4; lastKnownFileType = sourcecode.c.objc; path = FMResultSet.m; sourceTree = "<group>"; };
		2C519E011857FA2A00D8415D /* SQL.h */ = {isa = PBXFileReference; fileEncoding = 4; lastKnownFileType = sourcecode.c.h; path = SQL.h; sourceTree = "<group>"; };
		2C519E021857FA2A00D8415D /* SQL.m */ = {isa = PBXFileReference; fileEncoding = 4; lastKnownFileType = sourcecode.c.objc; path = SQL.m; sourceTree = "<group>"; };
		2C519E041857FA2A00D8415D /* Video.h */ = {isa = PBXFileReference; fileEncoding = 4; lastKnownFileType = sourcecode.c.h; path = Video.h; sourceTree = "<group>"; };
		2C519E051857FA2A00D8415D /* Video.m */ = {isa = PBXFileReference; fileEncoding = 4; lastKnownFileType = sourcecode.c.objc; path = Video.m; sourceTree = "<group>"; };
		2C519E081857FA2A00D8415D /* API.h */ = {isa = PBXFileReference; fileEncoding = 4; lastKnownFileType = sourcecode.c.h; path = API.h; sourceTree = "<group>"; };
		2C519E091857FA2A00D8415D /* API.m */ = {isa = PBXFileReference; fileEncoding = 4; lastKnownFileType = sourcecode.c.objc; path = API.m; sourceTree = "<group>"; };
		2C519E0A1857FA2A00D8415D /* DefaultStyles.h */ = {isa = PBXFileReference; fileEncoding = 4; lastKnownFileType = sourcecode.c.h; path = DefaultStyles.h; sourceTree = "<group>"; };
		2C519E0B1857FA2A00D8415D /* DefaultStyles.m */ = {isa = PBXFileReference; fileEncoding = 4; lastKnownFileType = sourcecode.c.objc; path = DefaultStyles.m; sourceTree = "<group>"; };
		2C519E0C1857FA2A00D8415D /* Events.h */ = {isa = PBXFileReference; fileEncoding = 4; lastKnownFileType = sourcecode.c.h; path = Events.h; sourceTree = "<group>"; };
		2C519E0D1857FA2A00D8415D /* Events.m */ = {isa = PBXFileReference; fileEncoding = 4; lastKnownFileType = sourcecode.c.objc; path = Events.m; sourceTree = "<group>"; };
		2C519E0E1857FA2A00D8415D /* Files.h */ = {isa = PBXFileReference; fileEncoding = 4; lastKnownFileType = sourcecode.c.h; path = Files.h; sourceTree = "<group>"; };
		2C519E0F1857FA2A00D8415D /* Files.m */ = {isa = PBXFileReference; fileEncoding = 4; lastKnownFileType = sourcecode.c.objc; path = Files.m; sourceTree = "<group>"; };
		2C519E101857FA2A00D8415D /* FunBase.h */ = {isa = PBXFileReference; fileEncoding = 4; lastKnownFileType = sourcecode.c.h; path = FunBase.h; sourceTree = "<group>"; };
		2C519E111857FA2A00D8415D /* FunGlobals.h */ = {isa = PBXFileReference; fileEncoding = 4; lastKnownFileType = sourcecode.c.h; path = FunGlobals.h; sourceTree = "<group>"; };
		2C519E121857FA2A00D8415D /* FunGlobals.m */ = {isa = PBXFileReference; fileEncoding = 4; lastKnownFileType = sourcecode.c.objc; path = FunGlobals.m; sourceTree = "<group>"; };
		2C519E131857FA2A00D8415D /* FunRuntimeProperties.h */ = {isa = PBXFileReference; fileEncoding = 4; lastKnownFileType = sourcecode.c.h; path = FunRuntimeProperties.h; sourceTree = "<group>"; };
		2C519E141857FA2A00D8415D /* FunRuntimeProperties.m */ = {isa = PBXFileReference; fileEncoding = 4; lastKnownFileType = sourcecode.c.objc; path = FunRuntimeProperties.m; sourceTree = "<group>"; };
		2C519E151857FA2A00D8415D /* JSON.h */ = {isa = PBXFileReference; fileEncoding = 4; lastKnownFileType = sourcecode.c.h; path = JSON.h; sourceTree = "<group>"; };
		2C519E161857FA2A00D8415D /* JSON.m */ = {isa = PBXFileReference; fileEncoding = 4; lastKnownFileType = sourcecode.c.objc; path = JSON.m; sourceTree = "<group>"; };
		2C519E171857FA2A00D8415D /* Keyboard.h */ = {isa = PBXFileReference; fileEncoding = 4; lastKnownFileType = sourcecode.c.h; path = Keyboard.h; sourceTree = "<group>"; };
		2C519E181857FA2A00D8415D /* Keyboard.m */ = {isa = PBXFileReference; fileEncoding = 4; lastKnownFileType = sourcecode.c.objc; path = Keyboard.m; sourceTree = "<group>"; };
		2C519E191857FA2A00D8415D /* Layers.h */ = {isa = PBXFileReference; fileEncoding = 4; lastKnownFileType = sourcecode.c.h; path = Layers.h; sourceTree = "<group>"; };
		2C519E1A1857FA2A00D8415D /* Layers.m */ = {isa = PBXFileReference; fileEncoding = 4; lastKnownFileType = sourcecode.c.objc; path = Layers.m; sourceTree = "<group>"; };
		2C519E1B1857FA2A00D8415D /* Overlay.h */ = {isa = PBXFileReference; fileEncoding = 4; lastKnownFileType = sourcecode.c.h; path = Overlay.h; sourceTree = "<group>"; };
		2C519E1C1857FA2A00D8415D /* Overlay.m */ = {isa = PBXFileReference; fileEncoding = 4; lastKnownFileType = sourcecode.c.objc; path = Overlay.m; sourceTree = "<group>"; };
		2C519E1D1857FA2A00D8415D /* State.h */ = {isa = PBXFileReference; fileEncoding = 4; lastKnownFileType = sourcecode.c.h; path = State.h; sourceTree = "<group>"; };
		2C519E1E1857FA2A00D8415D /* State.m */ = {isa = PBXFileReference; fileEncoding = 4; lastKnownFileType = sourcecode.c.objc; path = State.m; sourceTree = "<group>"; };
		2C519E1F1857FA2A00D8415D /* Viewport.h */ = {isa = PBXFileReference; fileEncoding = 4; lastKnownFileType = sourcecode.c.h; path = Viewport.h; sourceTree = "<group>"; };
		2C519E201857FA2A00D8415D /* Viewport.m */ = {isa = PBXFileReference; fileEncoding = 4; lastKnownFileType = sourcecode.c.objc; path = Viewport.m; sourceTree = "<group>"; };
		2C519E221857FA2A00D8415D /* FunCategories.h */ = {isa = PBXFileReference; fileEncoding = 4; lastKnownFileType = sourcecode.c.h; path = FunCategories.h; sourceTree = "<group>"; };
		2C519E241857FA2A00D8415D /* UIImage+Accelerate.h */ = {isa = PBXFileReference; fileEncoding = 4; lastKnownFileType = sourcecode.c.h; path = "UIImage+Accelerate.h"; sourceTree = "<group>"; };
		2C519E251857FA2A00D8415D /* UIImage+Accelerate.m */ = {isa = PBXFileReference; fileEncoding = 4; lastKnownFileType = sourcecode.c.objc; path = "UIImage+Accelerate.m"; sourceTree = "<group>"; };
		2C519E261857FA2A00D8415D /* NSArray+Fun.h */ = {isa = PBXFileReference; fileEncoding = 4; lastKnownFileType = sourcecode.c.h; path = "NSArray+Fun.h"; sourceTree = "<group>"; };
		2C519E271857FA2A00D8415D /* NSArray+Fun.m */ = {isa = PBXFileReference; fileEncoding = 4; lastKnownFileType = sourcecode.c.objc; path = "NSArray+Fun.m"; sourceTree = "<group>"; };
		2C519E281857FA2A00D8415D /* NSData+Fun.h */ = {isa = PBXFileReference; fileEncoding = 4; lastKnownFileType = sourcecode.c.h; path = "NSData+Fun.h"; sourceTree = "<group>"; };
		2C519E291857FA2A00D8415D /* NSData+Fun.m */ = {isa = PBXFileReference; fileEncoding = 4; lastKnownFileType = sourcecode.c.objc; path = "NSData+Fun.m"; sourceTree = "<group>"; };
		2C519E2B1857FA2A00D8415D /* NSDate-Utilities.h */ = {isa = PBXFileReference; fileEncoding = 4; lastKnownFileType = sourcecode.c.h; path = "NSDate-Utilities.h"; sourceTree = "<group>"; };
		2C519E2C1857FA2A00D8415D /* NSDate-Utilities.m */ = {isa = PBXFileReference; fileEncoding = 4; lastKnownFileType = sourcecode.c.objc; path = "NSDate-Utilities.m"; sourceTree = "<group>"; };
		2C519E2D1857FA2A00D8415D /* NSDictionary+Fun.h */ = {isa = PBXFileReference; fileEncoding = 4; lastKnownFileType = sourcecode.c.h; path = "NSDictionary+Fun.h"; sourceTree = "<group>"; };
		2C519E2E1857FA2A00D8415D /* NSDictionary+Fun.m */ = {isa = PBXFileReference; fileEncoding = 4; lastKnownFileType = sourcecode.c.objc; path = "NSDictionary+Fun.m"; sourceTree = "<group>"; };
		2C519E2F1857FA2A00D8415D /* NSNull+Fun.h */ = {isa = PBXFileReference; fileEncoding = 4; lastKnownFileType = sourcecode.c.h; path = "NSNull+Fun.h"; sourceTree = "<group>"; };
		2C519E301857FA2A00D8415D /* NSNull+Fun.m */ = {isa = PBXFileReference; fileEncoding = 4; lastKnownFileType = sourcecode.c.objc; path = "NSNull+Fun.m"; sourceTree = "<group>"; };
		2C519E311857FA2A00D8415D /* NSNumber+Fun.h */ = {isa = PBXFileReference; fileEncoding = 4; lastKnownFileType = sourcecode.c.h; path = "NSNumber+Fun.h"; sourceTree = "<group>"; };
		2C519E321857FA2A00D8415D /* NSNumber+Fun.m */ = {isa = PBXFileReference; fileEncoding = 4; lastKnownFileType = sourcecode.c.objc; path = "NSNumber+Fun.m"; sourceTree = "<group>"; };
		2C519E331857FA2A00D8415D /* NSObject+Fun.h */ = {isa = PBXFileReference; fileEncoding = 4; lastKnownFileType = sourcecode.c.h; path = "NSObject+Fun.h"; sourceTree = "<group>"; };
		2C519E341857FA2A00D8415D /* NSObject+Fun.m */ = {isa = PBXFileReference; fileEncoding = 4; lastKnownFileType = sourcecode.c.objc; path = "NSObject+Fun.m"; sourceTree = "<group>"; };
		2C519E351857FA2A00D8415D /* NSString+Fun.h */ = {isa = PBXFileReference; fileEncoding = 4; lastKnownFileType = sourcecode.c.h; path = "NSString+Fun.h"; sourceTree = "<group>"; };
		2C519E361857FA2A00D8415D /* NSString+Fun.m */ = {isa = PBXFileReference; fileEncoding = 4; lastKnownFileType = sourcecode.c.objc; path = "NSString+Fun.m"; sourceTree = "<group>"; };
		2C519E371857FA2A00D8415D /* UIColor+Fun.h */ = {isa = PBXFileReference; fileEncoding = 4; lastKnownFileType = sourcecode.c.h; path = "UIColor+Fun.h"; sourceTree = "<group>"; };
		2C519E381857FA2A00D8415D /* UIColor+Fun.m */ = {isa = PBXFileReference; fileEncoding = 4; lastKnownFileType = sourcecode.c.objc; path = "UIColor+Fun.m"; sourceTree = "<group>"; };
		2C519E391857FA2A00D8415D /* UIControl+Fun.h */ = {isa = PBXFileReference; fileEncoding = 4; lastKnownFileType = sourcecode.c.h; path = "UIControl+Fun.h"; sourceTree = "<group>"; };
		2C519E3A1857FA2A00D8415D /* UIControl+Fun.m */ = {isa = PBXFileReference; fileEncoding = 4; lastKnownFileType = sourcecode.c.objc; path = "UIControl+Fun.m"; sourceTree = "<group>"; };
		2C519E3B1857FA2A00D8415D /* UIScrollView+Fun.h */ = {isa = PBXFileReference; fileEncoding = 4; lastKnownFileType = sourcecode.c.h; path = "UIScrollView+Fun.h"; sourceTree = "<group>"; };
		2C519E3C1857FA2A00D8415D /* UIScrollView+Fun.m */ = {isa = PBXFileReference; fileEncoding = 4; lastKnownFileType = sourcecode.c.objc; path = "UIScrollView+Fun.m"; sourceTree = "<group>"; };
		2C519E3D1857FA2A00D8415D /* UIView+Fun.h */ = {isa = PBXFileReference; fileEncoding = 4; lastKnownFileType = sourcecode.c.h; path = "UIView+Fun.h"; sourceTree = "<group>"; };
		2C519E3E1857FA2A00D8415D /* UIView+Fun.m */ = {isa = PBXFileReference; fileEncoding = 4; lastKnownFileType = sourcecode.c.objc; path = "UIView+Fun.m"; sourceTree = "<group>"; };
		2C519E3F1857FA2A00D8415D /* UIView+FunStyle.h */ = {isa = PBXFileReference; fileEncoding = 4; lastKnownFileType = sourcecode.c.h; path = "UIView+FunStyle.h"; sourceTree = "<group>"; };
		2C519E401857FA2A00D8415D /* UIView+FunStyle.m */ = {isa = PBXFileReference; fileEncoding = 4; lastKnownFileType = sourcecode.c.objc; path = "UIView+FunStyle.m"; sourceTree = "<group>"; };
		2C519E411857FA2A00D8415D /* FunObjc.h */ = {isa = PBXFileReference; fileEncoding = 4; lastKnownFileType = sourcecode.c.h; path = FunObjc.h; sourceTree = "<group>"; };
		2C519E431857FA2A00D8415D /* DragAndDrop.h */ = {isa = PBXFileReference; fileEncoding = 4; lastKnownFileType = sourcecode.c.h; path = DragAndDrop.h; sourceTree = "<group>"; };
		2C519E441857FA2A00D8415D /* DragAndDrop.m */ = {isa = PBXFileReference; fileEncoding = 4; lastKnownFileType = sourcecode.c.objc; path = DragAndDrop.m; sourceTree = "<group>"; };
		2C519E451857FA2A00D8415D /* Fonts.h */ = {isa = PBXFileReference; fileEncoding = 4; lastKnownFileType = sourcecode.c.h; path = Fonts.h; sourceTree = "<group>"; };
		2C519E461857FA2A00D8415D /* Fonts.m */ = {isa = PBXFileReference; fileEncoding = 4; lastKnownFileType = sourcecode.c.objc; path = Fonts.m; sourceTree = "<group>"; };
		2C519E471857FA2A00D8415D /* FunAppDelegate.h */ = {isa = PBXFileReference; fileEncoding = 4; lastKnownFileType = sourcecode.c.h; path = FunAppDelegate.h; sourceTree = "<group>"; };
		2C519E481857FA2A00D8415D /* FunAppDelegate.m */ = {isa = PBXFileReference; fileEncoding = 4; lastKnownFileType = sourcecode.c.objc; path = FunAppDelegate.m; sourceTree = "<group>"; };
		2C519E491857FA2A00D8415D /* FunListViewController.h */ = {isa = PBXFileReference; fileEncoding = 4; lastKnownFileType = sourcecode.c.h; path = FunListViewController.h; sourceTree = "<group>"; };
		2C519E4A1857FA2A00D8415D /* FunListViewController.m */ = {isa = PBXFileReference; fileEncoding = 4; lastKnownFileType = sourcecode.c.objc; path = FunListViewController.m; sourceTree = "<group>"; };
		2C519E4B1857FA2A00D8415D /* FunNavigationController.h */ = {isa = PBXFileReference; fileEncoding = 4; lastKnownFileType = sourcecode.c.h; path = FunNavigationController.h; sourceTree = "<group>"; };
		2C519E4C1857FA2A00D8415D /* FunNavigationController.m */ = {isa = PBXFileReference; fileEncoding = 4; lastKnownFileType = sourcecode.c.objc; path = FunNavigationController.m; sourceTree = "<group>"; };
		2C519E4D1857FA2A00D8415D /* FunUI.h */ = {isa = PBXFileReference; fileEncoding = 4; lastKnownFileType = sourcecode.c.h; path = FunUI.h; sourceTree = "<group>"; };
		2C519E4E1857FA2A00D8415D /* FunUI.m */ = {isa = PBXFileReference; fileEncoding = 4; lastKnownFileType = sourcecode.c.objc; path = FunUI.m; sourceTree = "<group>"; };
		2C519E4F1857FA2A00D8415D /* FunViewController.h */ = {isa = PBXFileReference; fileEncoding = 4; lastKnownFileType = sourcecode.c.h; path = FunViewController.h; sourceTree = "<group>"; };
		2C519E501857FA2A00D8415D /* FunViewController.m */ = {isa = PBXFileReference; fileEncoding = 4; lastKnownFileType = sourcecode.c.objc; path = FunViewController.m; sourceTree = "<group>"; };
		2C519E521857FA2A00D8415D /* Images.h */ = {isa = PBXFileReference; fileEncoding = 4; lastKnownFileType = sourcecode.c.h; path = Images.h; sourceTree = "<group>"; };
		2C519E531857FA2A00D8415D /* Images.m */ = {isa = PBXFileReference; fileEncoding = 4; lastKnownFileType = sourcecode.c.objc; path = Images.m; sourceTree = "<group>"; };
		2C519E541857FA2A00D8415D /* UIImage+Fun.h */ = {isa = PBXFileReference; fileEncoding = 4; lastKnownFileType = sourcecode.c.h; path = "UIImage+Fun.h"; sourceTree = "<group>"; };
		2C519E551857FA2A00D8415D /* UIImage+Fun.m */ = {isa = PBXFileReference; fileEncoding = 4; lastKnownFileType = sourcecode.c.objc; path = "UIImage+Fun.m"; sourceTree = "<group>"; };
		2C519E571857FA2A00D8415D /* UIImage+Alpha.h */ = {isa = PBXFileReference; fileEncoding = 4; lastKnownFileType = sourcecode.c.h; path = "UIImage+Alpha.h"; sourceTree = "<group>"; };
		2C519E581857FA2A00D8415D /* UIImage+Alpha.m */ = {isa = PBXFileReference; fileEncoding = 4; lastKnownFileType = sourcecode.c.objc; path = "UIImage+Alpha.m"; sourceTree = "<group>"; };
		2C519E591857FA2A00D8415D /* UIImage+Resize.h */ = {isa = PBXFileReference; fileEncoding = 4; lastKnownFileType = sourcecode.c.h; path = "UIImage+Resize.h"; sourceTree = "<group>"; };
		2C519E5A1857FA2A00D8415D /* UIImage+Resize.m */ = {isa = PBXFileReference; fileEncoding = 4; lastKnownFileType = sourcecode.c.objc; path = "UIImage+Resize.m"; sourceTree = "<group>"; };
		2C519E5B1857FA2A00D8415D /* UIImage+RoundedCorner.h */ = {isa = PBXFileReference; fileEncoding = 4; lastKnownFileType = sourcecode.c.h; path = "UIImage+RoundedCorner.h"; sourceTree = "<group>"; };
		2C519E5C1857FA2A00D8415D /* UIImage+RoundedCorner.m */ = {isa = PBXFileReference; fileEncoding = 4; lastKnownFileType = sourcecode.c.objc; path = "UIImage+RoundedCorner.m"; sourceTree = "<group>"; };
		2C57A0181857CCFC005CE618 /* FunObjc Examples.app */ = {isa = PBXFileReference; explicitFileType = wrapper.application; includeInIndex = 0; path = "FunObjc Examples.app"; sourceTree = BUILT_PRODUCTS_DIR; };
		2C57A01B1857CCFC005CE618 /* Foundation.framework */ = {isa = PBXFileReference; lastKnownFileType = wrapper.framework; name = Foundation.framework; path = System/Library/Frameworks/Foundation.framework; sourceTree = SDKROOT; };
		2C57A01D1857CCFC005CE618 /* CoreGraphics.framework */ = {isa = PBXFileReference; lastKnownFileType = wrapper.framework; name = CoreGraphics.framework; path = System/Library/Frameworks/CoreGraphics.framework; sourceTree = SDKROOT; };
		2C57A01F1857CCFC005CE618 /* UIKit.framework */ = {isa = PBXFileReference; lastKnownFileType = wrapper.framework; name = UIKit.framework; path = System/Library/Frameworks/UIKit.framework; sourceTree = SDKROOT; };
		2C57A0231857CCFC005CE618 /* FunObjc Examples-Info.plist */ = {isa = PBXFileReference; lastKnownFileType = text.plist.xml; path = "FunObjc Examples-Info.plist"; sourceTree = "<group>"; };
		2C57A0251857CCFC005CE618 /* en */ = {isa = PBXFileReference; lastKnownFileType = text.plist.strings; name = en; path = en.lproj/InfoPlist.strings; sourceTree = "<group>"; };
		2C57A0271857CCFC005CE618 /* main.m */ = {isa = PBXFileReference; lastKnownFileType = sourcecode.c.objc; path = main.m; sourceTree = "<group>"; };
		2C57A0291857CCFC005CE618 /* FunObjc Examples-Prefix.pch */ = {isa = PBXFileReference; lastKnownFileType = sourcecode.c.h; path = "FunObjc Examples-Prefix.pch"; sourceTree = "<group>"; };
		2C57A02A1857CCFC005CE618 /* AppDelegate.h */ = {isa = PBXFileReference; lastKnownFileType = sourcecode.c.h; path = AppDelegate.h; sourceTree = "<group>"; };
		2C57A02B1857CCFC005CE618 /* AppDelegate.m */ = {isa = PBXFileReference; lastKnownFileType = sourcecode.c.objc; path = AppDelegate.m; sourceTree = "<group>"; };
		2C57A02D1857CCFC005CE618 /* Images.xcassets */ = {isa = PBXFileReference; lastKnownFileType = folder.assetcatalog; path = Images.xcassets; sourceTree = "<group>"; };
		2C57A0331857CCFC005CE618 /* FunObjc ExamplesTests.xctest */ = {isa = PBXFileReference; explicitFileType = wrapper.cfbundle; includeInIndex = 0; path = "FunObjc ExamplesTests.xctest"; sourceTree = BUILT_PRODUCTS_DIR; };
		2C57A0341857CCFC005CE618 /* XCTest.framework */ = {isa = PBXFileReference; lastKnownFileType = wrapper.framework; name = XCTest.framework; path = Library/Frameworks/XCTest.framework; sourceTree = DEVELOPER_DIR; };
		2C57A03C1857CCFC005CE618 /* FunObjc ExamplesTests-Info.plist */ = {isa = PBXFileReference; lastKnownFileType = text.plist.xml; path = "FunObjc ExamplesTests-Info.plist"; sourceTree = "<group>"; };
		2C57A03E1857CCFC005CE618 /* en */ = {isa = PBXFileReference; lastKnownFileType = text.plist.strings; name = en; path = en.lproj/InfoPlist.strings; sourceTree = "<group>"; };
		2C57A0401857CCFC005CE618 /* FunObjc_ExamplesTests.m */ = {isa = PBXFileReference; lastKnownFileType = sourcecode.c.objc; path = FunObjc_ExamplesTests.m; sourceTree = "<group>"; };
		2C57A1271857CDB1005CE618 /* HomeViewController.h */ = {isa = PBXFileReference; fileEncoding = 4; lastKnownFileType = sourcecode.c.h; path = HomeViewController.h; sourceTree = "<group>"; };
		2C57A1281857CDB1005CE618 /* HomeViewController.m */ = {isa = PBXFileReference; fileEncoding = 4; lastKnownFileType = sourcecode.c.objc; path = HomeViewController.m; sourceTree = "<group>"; };
/* End PBXFileReference section */

/* Begin PBXFrameworksBuildPhase section */
		2C57A0151857CCFC005CE618 /* Frameworks */ = {
			isa = PBXFrameworksBuildPhase;
			buildActionMask = 2147483647;
			files = (
				2C519BB91857F4ED00D8415D /* libsqlite3.dylib in Frameworks */,
				2C57A01E1857CCFC005CE618 /* CoreGraphics.framework in Frameworks */,
				2C57A0201857CCFC005CE618 /* UIKit.framework in Frameworks */,
				2C57A01C1857CCFC005CE618 /* Foundation.framework in Frameworks */,
			);
			runOnlyForDeploymentPostprocessing = 0;
		};
		2C57A0301857CCFC005CE618 /* Frameworks */ = {
			isa = PBXFrameworksBuildPhase;
			buildActionMask = 2147483647;
			files = (
				2C57A0351857CCFC005CE618 /* XCTest.framework in Frameworks */,
				2C57A0371857CCFC005CE618 /* UIKit.framework in Frameworks */,
				2C57A0361857CCFC005CE618 /* Foundation.framework in Frameworks */,
			);
			runOnlyForDeploymentPostprocessing = 0;
		};
/* End PBXFrameworksBuildPhase section */

/* Begin PBXGroup section */
		2C519DD01857FA2A00D8415D /* FunMore */ = {
			isa = PBXGroup;
			children = (
				2C519DD11857FA2A00D8415D /* AddressBook */,
				2C519DD61857FA2A00D8415D /* Audio */,
				2C519DDB1857FA2A00D8415D /* Camera */,
				2C519DDE1857FA2A00D8415D /* Data Models */,
				2C519DEE1857FA2A00D8415D /* FunMore.h */,
				2C519DEF1857FA2A00D8415D /* Locations */,
				2C519DF21857FA2A00D8415D /* PushNotifications */,
				2C519DF51857FA2A00D8415D /* SQL */,
				2C519E031857FA2A00D8415D /* Video */,
			);
			name = FunMore;
			path = ../Classes/FunMore;
			sourceTree = "<group>";
		};
		2C519DD11857FA2A00D8415D /* AddressBook */ = {
			isa = PBXGroup;
			children = (
				2C519DD21857FA2A00D8415D /* AddressBook.h */,
				2C519DD31857FA2A00D8415D /* AddressBook.m */,
				2C519DD41857FA2A00D8415D /* AddressBookContact.h */,
				2C519DD51857FA2A00D8415D /* AddressBookContact.m */,
			);
			path = AddressBook;
			sourceTree = "<group>";
		};
		2C519DD61857FA2A00D8415D /* Audio */ = {
			isa = PBXGroup;
			children = (
				2C519DD71857FA2A00D8415D /* Audio.h */,
				2C519DD81857FA2A00D8415D /* Audio.m */,
				2C519DD91857FA2A00D8415D /* AudioGraph.h */,
				2C519DDA1857FA2A00D8415D /* AudioGraph.m */,
			);
			path = Audio;
			sourceTree = "<group>";
		};
		2C519DDB1857FA2A00D8415D /* Camera */ = {
			isa = PBXGroup;
			children = (
				2C519DDC1857FA2A00D8415D /* Camera.h */,
				2C519DDD1857FA2A00D8415D /* Camera.m */,
			);
			path = Camera;
			sourceTree = "<group>";
		};
		2C519DDE1857FA2A00D8415D /* Data Models */ = {
			isa = PBXGroup;
			children = (
				2C519DDF1857FA2A00D8415D /* CreditCards.h */,
				2C519DE01857FA2A00D8415D /* CreditCards.m */,
				2C519DE11857FA2A00D8415D /* EmailAddresses.h */,
				2C519DE21857FA2A00D8415D /* EmailAddresses.m */,
				2C519DE31857FA2A00D8415D /* Encoder.h */,
				2C519DE41857FA2A00D8415D /* Encoder.m */,
				2C519DE51857FA2A00D8415D /* FunDataModels.h */,
				2C519DE61857FA2A00D8415D /* Money.h */,
				2C519DE71857FA2A00D8415D /* Money.m */,
				2C519DE81857FA2A00D8415D /* PhoneNumbers */,
			);
			path = "Data Models";
			sourceTree = "<group>";
		};
		2C519DE81857FA2A00D8415D /* PhoneNumbers */ = {
			isa = PBXGroup;
			children = (
				2C519DE91857FA2A00D8415D /* PhoneFormats.dat */,
				2C519DEA1857FA2A00D8415D /* PhoneNumbers.h */,
				2C519DEB1857FA2A00D8415D /* PhoneNumbers.m */,
				2C519DEC1857FA2A00D8415D /* RMPhoneFormat.h */,
				2C519DED1857FA2A00D8415D /* RMPhoneFormat.m */,
			);
			path = PhoneNumbers;
			sourceTree = "<group>";
		};
		2C519DEF1857FA2A00D8415D /* Locations */ = {
			isa = PBXGroup;
			children = (
				2C519DF01857FA2A00D8415D /* Locations.h */,
				2C519DF11857FA2A00D8415D /* Locations.m */,
			);
			path = Locations;
			sourceTree = "<group>";
		};
		2C519DF21857FA2A00D8415D /* PushNotifications */ = {
			isa = PBXGroup;
			children = (
				2C519DF31857FA2A00D8415D /* PushNotifications.h */,
				2C519DF41857FA2A00D8415D /* PushNotifications.m */,
			);
			path = PushNotifications;
			sourceTree = "<group>";
		};
		2C519DF51857FA2A00D8415D /* SQL */ = {
			isa = PBXGroup;
			children = (
				2C519DF61857FA2A00D8415D /* fmdb-src */,
				2C519E011857FA2A00D8415D /* SQL.h */,
				2C519E021857FA2A00D8415D /* SQL.m */,
			);
			path = SQL;
			sourceTree = "<group>";
		};
		2C519DF61857FA2A00D8415D /* fmdb-src */ = {
			isa = PBXGroup;
			children = (
				2C519DF71857FA2A00D8415D /* FMDatabase.h */,
				2C519DF81857FA2A00D8415D /* FMDatabase.m */,
				2C519DF91857FA2A00D8415D /* FMDatabaseAdditions.h */,
				2C519DFA1857FA2A00D8415D /* FMDatabaseAdditions.m */,
				2C519DFB1857FA2A00D8415D /* FMDatabasePool.h */,
				2C519DFC1857FA2A00D8415D /* FMDatabasePool.m */,
				2C519DFD1857FA2A00D8415D /* FMDatabaseQueue.h */,
				2C519DFE1857FA2A00D8415D /* FMDatabaseQueue.m */,
				2C519DFF1857FA2A00D8415D /* FMResultSet.h */,
				2C519E001857FA2A00D8415D /* FMResultSet.m */,
			);
			path = "fmdb-src";
			sourceTree = "<group>";
		};
		2C519E031857FA2A00D8415D /* Video */ = {
			isa = PBXGroup;
			children = (
				2C519E041857FA2A00D8415D /* Video.h */,
				2C519E051857FA2A00D8415D /* Video.m */,
			);
			path = Video;
			sourceTree = "<group>";
		};
		2C519E061857FA2A00D8415D /* FunObjc */ = {
			isa = PBXGroup;
			children = (
				2C519E071857FA2A00D8415D /* Base */,
				2C519E211857FA2A00D8415D /* Categories */,
				2C519E411857FA2A00D8415D /* FunObjc.h */,
				2C519E421857FA2A00D8415D /* FunUI */,
				2C519E511857FA2A00D8415D /* Images */,
				2C519E5D1857FA2A00D8415D /* Useful */,
			);
			name = FunObjc;
			path = ../Classes/FunObjc;
			sourceTree = "<group>";
		};
		2C519E071857FA2A00D8415D /* Base */ = {
			isa = PBXGroup;
			children = (
				2C519E081857FA2A00D8415D /* API.h */,
				2C519E091857FA2A00D8415D /* API.m */,
				2C519E0A1857FA2A00D8415D /* DefaultStyles.h */,
				2C519E0B1857FA2A00D8415D /* DefaultStyles.m */,
				2C519E0C1857FA2A00D8415D /* Events.h */,
				2C519E0D1857FA2A00D8415D /* Events.m */,
				2C519E0E1857FA2A00D8415D /* Files.h */,
				2C519E0F1857FA2A00D8415D /* Files.m */,
				2C519E101857FA2A00D8415D /* FunBase.h */,
				2C519E111857FA2A00D8415D /* FunGlobals.h */,
				2C519E121857FA2A00D8415D /* FunGlobals.m */,
				2C519E131857FA2A00D8415D /* FunRuntimeProperties.h */,
				2C519E141857FA2A00D8415D /* FunRuntimeProperties.m */,
				2C519E151857FA2A00D8415D /* JSON.h */,
				2C519E161857FA2A00D8415D /* JSON.m */,
				2C519E171857FA2A00D8415D /* Keyboard.h */,
				2C519E181857FA2A00D8415D /* Keyboard.m */,
				2C519E191857FA2A00D8415D /* Layers.h */,
				2C519E1A1857FA2A00D8415D /* Layers.m */,
				2C519E1B1857FA2A00D8415D /* Overlay.h */,
				2C519E1C1857FA2A00D8415D /* Overlay.m */,
				2C519E1D1857FA2A00D8415D /* State.h */,
				2C519E1E1857FA2A00D8415D /* State.m */,
				2C519E1F1857FA2A00D8415D /* Viewport.h */,
				2C519E201857FA2A00D8415D /* Viewport.m */,
			);
			path = Base;
			sourceTree = "<group>";
		};
		2C519E211857FA2A00D8415D /* Categories */ = {
			isa = PBXGroup;
			children = (
				2C519E221857FA2A00D8415D /* FunCategories.h */,
				2C519E231857FA2A00D8415D /* Image+Accelerate */,
				2C519E261857FA2A00D8415D /* NSArray+Fun.h */,
				2C519E271857FA2A00D8415D /* NSArray+Fun.m */,
				2C519E281857FA2A00D8415D /* NSData+Fun.h */,
				2C519E291857FA2A00D8415D /* NSData+Fun.m */,
				2C519E2A1857FA2A00D8415D /* NSDate-Extensions */,
				2C519E2D1857FA2A00D8415D /* NSDictionary+Fun.h */,
				2C519E2E1857FA2A00D8415D /* NSDictionary+Fun.m */,
				2C519E2F1857FA2A00D8415D /* NSNull+Fun.h */,
				2C519E301857FA2A00D8415D /* NSNull+Fun.m */,
				2C519E311857FA2A00D8415D /* NSNumber+Fun.h */,
				2C519E321857FA2A00D8415D /* NSNumber+Fun.m */,
				2C519E331857FA2A00D8415D /* NSObject+Fun.h */,
				2C519E341857FA2A00D8415D /* NSObject+Fun.m */,
				2C519E351857FA2A00D8415D /* NSString+Fun.h */,
				2C519E361857FA2A00D8415D /* NSString+Fun.m */,
				2C519E371857FA2A00D8415D /* UIColor+Fun.h */,
				2C519E381857FA2A00D8415D /* UIColor+Fun.m */,
				2C519E391857FA2A00D8415D /* UIControl+Fun.h */,
				2C519E3A1857FA2A00D8415D /* UIControl+Fun.m */,
				2C519E3B1857FA2A00D8415D /* UIScrollView+Fun.h */,
				2C519E3C1857FA2A00D8415D /* UIScrollView+Fun.m */,
				2C519E3D1857FA2A00D8415D /* UIView+Fun.h */,
				2C519E3E1857FA2A00D8415D /* UIView+Fun.m */,
				2C519E3F1857FA2A00D8415D /* UIView+FunStyle.h */,
				2C519E401857FA2A00D8415D /* UIView+FunStyle.m */,
			);
			path = Categories;
			sourceTree = "<group>";
		};
		2C519E231857FA2A00D8415D /* Image+Accelerate */ = {
			isa = PBXGroup;
			children = (
				2C519E241857FA2A00D8415D /* UIImage+Accelerate.h */,
				2C519E251857FA2A00D8415D /* UIImage+Accelerate.m */,
			);
			path = "Image+Accelerate";
			sourceTree = "<group>";
		};
		2C519E2A1857FA2A00D8415D /* NSDate-Extensions */ = {
			isa = PBXGroup;
			children = (
				2C519E2B1857FA2A00D8415D /* NSDate-Utilities.h */,
				2C519E2C1857FA2A00D8415D /* NSDate-Utilities.m */,
			);
			path = "NSDate-Extensions";
			sourceTree = "<group>";
		};
		2C519E421857FA2A00D8415D /* FunUI */ = {
			isa = PBXGroup;
			children = (
				2C519E431857FA2A00D8415D /* DragAndDrop.h */,
				2C519E441857FA2A00D8415D /* DragAndDrop.m */,
				2C519E451857FA2A00D8415D /* Fonts.h */,
				2C519E461857FA2A00D8415D /* Fonts.m */,
				2C519E471857FA2A00D8415D /* FunAppDelegate.h */,
				2C519E481857FA2A00D8415D /* FunAppDelegate.m */,
				2C519E491857FA2A00D8415D /* FunListViewController.h */,
				2C519E4A1857FA2A00D8415D /* FunListViewController.m */,
				2C519E4B1857FA2A00D8415D /* FunNavigationController.h */,
				2C519E4C1857FA2A00D8415D /* FunNavigationController.m */,
				2C519E4D1857FA2A00D8415D /* FunUI.h */,
				2C519E4E1857FA2A00D8415D /* FunUI.m */,
				2C519E4F1857FA2A00D8415D /* FunViewController.h */,
				2C519E501857FA2A00D8415D /* FunViewController.m */,
			);
			path = FunUI;
			sourceTree = "<group>";
		};
		2C519E511857FA2A00D8415D /* Images */ = {
			isa = PBXGroup;
			children = (
				2C519E521857FA2A00D8415D /* Images.h */,
				2C519E531857FA2A00D8415D /* Images.m */,
				2C519E541857FA2A00D8415D /* UIImage+Fun.h */,
				2C519E551857FA2A00D8415D /* UIImage+Fun.m */,
				2C519E561857FA2A00D8415D /* UIImage-Categories */,
			);
			path = Images;
			sourceTree = "<group>";
		};
		2C519E561857FA2A00D8415D /* UIImage-Categories */ = {
			isa = PBXGroup;
			children = (
				2C519E571857FA2A00D8415D /* UIImage+Alpha.h */,
				2C519E581857FA2A00D8415D /* UIImage+Alpha.m */,
				2C519E591857FA2A00D8415D /* UIImage+Resize.h */,
				2C519E5A1857FA2A00D8415D /* UIImage+Resize.m */,
				2C519E5B1857FA2A00D8415D /* UIImage+RoundedCorner.h */,
				2C519E5C1857FA2A00D8415D /* UIImage+RoundedCorner.m */,
			);
			path = "UIImage-Categories";
			sourceTree = "<group>";
		};
		2C519E5D1857FA2A00D8415D /* Useful */ = {
			isa = PBXGroup;
			children = (
			);
			path = Useful;
			sourceTree = "<group>";
		};
		2C57A00F1857CCFC005CE618 = {
			isa = PBXGroup;
			children = (
				2C57A0211857CCFC005CE618 /* FunObjc Examples */,
				2C519DD01857FA2A00D8415D /* FunMore */,
				2C519E061857FA2A00D8415D /* FunObjc */,
				2C57A03A1857CCFC005CE618 /* FunObjc ExamplesTests */,
				2C57A01A1857CCFC005CE618 /* Frameworks */,
				2C57A0191857CCFC005CE618 /* Products */,
			);
			sourceTree = "<group>";
		};
		2C57A0191857CCFC005CE618 /* Products */ = {
			isa = PBXGroup;
			children = (
				2C57A0181857CCFC005CE618 /* FunObjc Examples.app */,
				2C57A0331857CCFC005CE618 /* FunObjc ExamplesTests.xctest */,
			);
			name = Products;
			sourceTree = "<group>";
		};
		2C57A01A1857CCFC005CE618 /* Frameworks */ = {
			isa = PBXGroup;
			children = (
				2C519BB81857F4ED00D8415D /* libsqlite3.dylib */,
				2C57A01B1857CCFC005CE618 /* Foundation.framework */,
				2C57A01D1857CCFC005CE618 /* CoreGraphics.framework */,
				2C57A01F1857CCFC005CE618 /* UIKit.framework */,
				2C57A0341857CCFC005CE618 /* XCTest.framework */,
			);
			name = Frameworks;
			sourceTree = "<group>";
		};
		2C57A0211857CCFC005CE618 /* FunObjc Examples */ = {
			isa = PBXGroup;
			children = (
				2C57A1261857CDB1005CE618 /* Views */,
				2C57A02A1857CCFC005CE618 /* AppDelegate.h */,
				2C57A02B1857CCFC005CE618 /* AppDelegate.m */,
				2C57A02D1857CCFC005CE618 /* Images.xcassets */,
				2C57A0221857CCFC005CE618 /* Supporting Files */,
			);
			path = "FunObjc Examples";
			sourceTree = "<group>";
		};
		2C57A0221857CCFC005CE618 /* Supporting Files */ = {
			isa = PBXGroup;
			children = (
				2C57A0231857CCFC005CE618 /* FunObjc Examples-Info.plist */,
				2C57A0241857CCFC005CE618 /* InfoPlist.strings */,
				2C57A0271857CCFC005CE618 /* main.m */,
				2C57A0291857CCFC005CE618 /* FunObjc Examples-Prefix.pch */,
			);
			name = "Supporting Files";
			sourceTree = "<group>";
		};
		2C57A03A1857CCFC005CE618 /* FunObjc ExamplesTests */ = {
			isa = PBXGroup;
			children = (
				2C57A0401857CCFC005CE618 /* FunObjc_ExamplesTests.m */,
				2C57A03B1857CCFC005CE618 /* Supporting Files */,
			);
			path = "FunObjc ExamplesTests";
			sourceTree = "<group>";
		};
		2C57A03B1857CCFC005CE618 /* Supporting Files */ = {
			isa = PBXGroup;
			children = (
				2C57A03C1857CCFC005CE618 /* FunObjc ExamplesTests-Info.plist */,
				2C57A03D1857CCFC005CE618 /* InfoPlist.strings */,
			);
			name = "Supporting Files";
			sourceTree = "<group>";
		};
		2C57A1261857CDB1005CE618 /* Views */ = {
			isa = PBXGroup;
			children = (
				2C57A1271857CDB1005CE618 /* HomeViewController.h */,
				2C57A1281857CDB1005CE618 /* HomeViewController.m */,
				2C5196E91857E80700D8415D /* ExampleListViewController.h */,
				2C5196EA1857E80700D8415D /* ExampleListViewController.m */,
			);
			path = Views;
			sourceTree = "<group>";
		};
/* End PBXGroup section */

/* Begin PBXNativeTarget section */
		2C57A0171857CCFC005CE618 /* FunObjc Examples */ = {
			isa = PBXNativeTarget;
			buildConfigurationList = 2C57A0441857CCFC005CE618 /* Build configuration list for PBXNativeTarget "FunObjc Examples" */;
			buildPhases = (
				2C57A0141857CCFC005CE618 /* Sources */,
				2C57A0151857CCFC005CE618 /* Frameworks */,
				2C57A0161857CCFC005CE618 /* Resources */,
			);
			buildRules = (
			);
			dependencies = (
			);
			name = "FunObjc Examples";
			productName = "FunObjc Examples";
			productReference = 2C57A0181857CCFC005CE618 /* FunObjc Examples.app */;
			productType = "com.apple.product-type.application";
		};
		2C57A0321857CCFC005CE618 /* FunObjc ExamplesTests */ = {
			isa = PBXNativeTarget;
			buildConfigurationList = 2C57A0471857CCFC005CE618 /* Build configuration list for PBXNativeTarget "FunObjc ExamplesTests" */;
			buildPhases = (
				2C57A02F1857CCFC005CE618 /* Sources */,
				2C57A0301857CCFC005CE618 /* Frameworks */,
				2C57A0311857CCFC005CE618 /* Resources */,
			);
			buildRules = (
			);
			dependencies = (
				2C57A0391857CCFC005CE618 /* PBXTargetDependency */,
			);
			name = "FunObjc ExamplesTests";
			productName = "FunObjc ExamplesTests";
			productReference = 2C57A0331857CCFC005CE618 /* FunObjc ExamplesTests.xctest */;
			productType = "com.apple.product-type.bundle.unit-test";
		};
/* End PBXNativeTarget section */

/* Begin PBXProject section */
		2C57A0101857CCFC005CE618 /* Project object */ = {
			isa = PBXProject;
			attributes = {
				LastUpgradeCheck = 0500;
				ORGANIZATIONNAME = "Marcus Westin";
				TargetAttributes = {
					2C57A0321857CCFC005CE618 = {
						TestTargetID = 2C57A0171857CCFC005CE618;
					};
				};
			};
			buildConfigurationList = 2C57A0131857CCFC005CE618 /* Build configuration list for PBXProject "FunObjc Examples" */;
			compatibilityVersion = "Xcode 3.2";
			developmentRegion = English;
			hasScannedForEncodings = 0;
			knownRegions = (
				en,
			);
			mainGroup = 2C57A00F1857CCFC005CE618;
			productRefGroup = 2C57A0191857CCFC005CE618 /* Products */;
			projectDirPath = "";
			projectRoot = "";
			targets = (
				2C57A0171857CCFC005CE618 /* FunObjc Examples */,
				2C57A0321857CCFC005CE618 /* FunObjc ExamplesTests */,
			);
		};
/* End PBXProject section */

/* Begin PBXResourcesBuildPhase section */
		2C57A0161857CCFC005CE618 /* Resources */ = {
			isa = PBXResourcesBuildPhase;
			buildActionMask = 2147483647;
			files = (
				2C57A0261857CCFC005CE618 /* InfoPlist.strings in Resources */,
				2C519E671857FA2A00D8415D /* PhoneFormats.dat in Resources */,
				2C57A02E1857CCFC005CE618 /* Images.xcassets in Resources */,
			);
			runOnlyForDeploymentPostprocessing = 0;
		};
		2C57A0311857CCFC005CE618 /* Resources */ = {
			isa = PBXResourcesBuildPhase;
			buildActionMask = 2147483647;
			files = (
				2C57A03F1857CCFC005CE618 /* InfoPlist.strings in Resources */,
			);
			runOnlyForDeploymentPostprocessing = 0;
		};
/* End PBXResourcesBuildPhase section */

/* Begin PBXSourcesBuildPhase section */
		2C57A0141857CCFC005CE618 /* Sources */ = {
			isa = PBXSourcesBuildPhase;
			buildActionMask = 2147483647;
			files = (
				2C519E8B1857FA2A00D8415D /* UIView+Fun.m in Sources */,
				2C519E711857FA2A00D8415D /* SQL.m in Sources */,
				2C519E651857FA2A00D8415D /* Encoder.m in Sources */,
				2C519E931857FA2A00D8415D /* FunViewController.m in Sources */,
				2C519E871857FA2A00D8415D /* NSString+Fun.m in Sources */,
				2C57A02C1857CCFC005CE618 /* AppDelegate.m in Sources */,
				2C519E771857FA2A00D8415D /* FunGlobals.m in Sources */,
				2C519E7B1857FA2A00D8415D /* Layers.m in Sources */,
				2C519E961857FA2A00D8415D /* UIImage+Alpha.m in Sources */,
				2C519E6A1857FA2A00D8415D /* Locations.m in Sources */,
				2C519E731857FA2A00D8415D /* API.m in Sources */,
				2C519E761857FA2A00D8415D /* Files.m in Sources */,
				2C519E801857FA2A00D8415D /* NSArray+Fun.m in Sources */,
				2C519E6C1857FA2A00D8415D /* FMDatabase.m in Sources */,
				2C519E831857FA2A00D8415D /* NSDictionary+Fun.m in Sources */,
				2C519E8F1857FA2A00D8415D /* FunAppDelegate.m in Sources */,
				2C5196EB1857E80700D8415D /* ExampleListViewController.m in Sources */,
				2C519E781857FA2A00D8415D /* FunRuntimeProperties.m in Sources */,
				2C519E7D1857FA2A00D8415D /* State.m in Sources */,
				2C519E631857FA2A00D8415D /* CreditCards.m in Sources */,
				2C519E7E1857FA2A00D8415D /* Viewport.m in Sources */,
				2C519E5E1857FA2A00D8415D /* AddressBook.m in Sources */,
				2C519E611857FA2A00D8415D /* AudioGraph.m in Sources */,
				2C519E851857FA2A00D8415D /* NSNumber+Fun.m in Sources */,
				2C519E721857FA2A00D8415D /* Video.m in Sources */,
				2C519E8C1857FA2A00D8415D /* UIView+FunStyle.m in Sources */,
				2C519E881857FA2A00D8415D /* UIColor+Fun.m in Sources */,
				2C519E911857FA2A00D8415D /* FunNavigationController.m in Sources */,
				2C519E981857FA2A00D8415D /* UIImage+RoundedCorner.m in Sources */,
				2C519E701857FA2A00D8415D /* FMResultSet.m in Sources */,
				2C519E751857FA2A00D8415D /* Events.m in Sources */,
				2C519E6B1857FA2A00D8415D /* PushNotifications.m in Sources */,
				2C519E8A1857FA2A00D8415D /* UIScrollView+Fun.m in Sources */,
				2C519E941857FA2A00D8415D /* Images.m in Sources */,
				2C519E791857FA2A00D8415D /* JSON.m in Sources */,
				2C519E841857FA2A00D8415D /* NSNull+Fun.m in Sources */,
				2C519E621857FA2A00D8415D /* Camera.m in Sources */,
				2C519E921857FA2A00D8415D /* FunUI.m in Sources */,
				2C519E951857FA2A00D8415D /* UIImage+Fun.m in Sources */,
				2C519E661857FA2A00D8415D /* Money.m in Sources */,
				2C57A1291857CDB1005CE618 /* HomeViewController.m in Sources */,
				2C519E691857FA2A00D8415D /* RMPhoneFormat.m in Sources */,
				2C519E891857FA2A00D8415D /* UIControl+Fun.m in Sources */,
				2C519E861857FA2A00D8415D /* NSObject+Fun.m in Sources */,
				2C519E7A1857FA2A00D8415D /* Keyboard.m in Sources */,
				2C519E601857FA2A00D8415D /* Audio.m in Sources */,
				2C519E5F1857FA2A00D8415D /* AddressBookContact.m in Sources */,
				2C519E811857FA2A00D8415D /* NSData+Fun.m in Sources */,
				2C519E8D1857FA2A00D8415D /* DragAndDrop.m in Sources */,
				2C519E741857FA2A00D8415D /* DefaultStyles.m in Sources */,
				2C519E6D1857FA2A00D8415D /* FMDatabaseAdditions.m in Sources */,
				2C519E7C1857FA2A00D8415D /* Overlay.m in Sources */,
				2C519E8E1857FA2A00D8415D /* Fonts.m in Sources */,
				2C519E681857FA2A00D8415D /* PhoneNumbers.m in Sources */,
				2C519E6F1857FA2A00D8415D /* FMDatabaseQueue.m in Sources */,
				2C519E971857FA2A00D8415D /* UIImage+Resize.m in Sources */,
				2C519E6E1857FA2A00D8415D /* FMDatabasePool.m in Sources */,
				2C57A0281857CCFC005CE618 /* main.m in Sources */,
				2C519E901857FA2A00D8415D /* FunListViewController.m in Sources */,
				2C519E821857FA2A00D8415D /* NSDate-Utilities.m in Sources */,
				2C519E641857FA2A00D8415D /* EmailAddresses.m in Sources */,
				2C519E7F1857FA2A00D8415D /* UIImage+Accelerate.m in Sources */,
			);
			runOnlyForDeploymentPostprocessing = 0;
		};
		2C57A02F1857CCFC005CE618 /* Sources */ = {
			isa = PBXSourcesBuildPhase;
			buildActionMask = 2147483647;
			files = (
				2C57A0411857CCFC005CE618 /* FunObjc_ExamplesTests.m in Sources */,
			);
			runOnlyForDeploymentPostprocessing = 0;
		};
/* End PBXSourcesBuildPhase section */

/* Begin PBXTargetDependency section */
		2C57A0391857CCFC005CE618 /* PBXTargetDependency */ = {
			isa = PBXTargetDependency;
			target = 2C57A0171857CCFC005CE618 /* FunObjc Examples */;
			targetProxy = 2C57A0381857CCFC005CE618 /* PBXContainerItemProxy */;
		};
/* End PBXTargetDependency section */

/* Begin PBXVariantGroup section */
		2C57A0241857CCFC005CE618 /* InfoPlist.strings */ = {
			isa = PBXVariantGroup;
			children = (
				2C57A0251857CCFC005CE618 /* en */,
			);
			name = InfoPlist.strings;
			sourceTree = "<group>";
		};
		2C57A03D1857CCFC005CE618 /* InfoPlist.strings */ = {
			isa = PBXVariantGroup;
			children = (
				2C57A03E1857CCFC005CE618 /* en */,
			);
			name = InfoPlist.strings;
			sourceTree = "<group>";
		};
/* End PBXVariantGroup section */

/* Begin XCBuildConfiguration section */
		2C57A0421857CCFC005CE618 /* Debug */ = {
			isa = XCBuildConfiguration;
			buildSettings = {
				ALWAYS_SEARCH_USER_PATHS = NO;
				ARCHS = "$(ARCHS_STANDARD_INCLUDING_64_BIT)";
				CLANG_CXX_LANGUAGE_STANDARD = "gnu++0x";
				CLANG_CXX_LIBRARY = "libc++";
				CLANG_ENABLE_MODULES = YES;
				CLANG_ENABLE_OBJC_ARC = YES;
				CLANG_WARN_BOOL_CONVERSION = YES;
				CLANG_WARN_CONSTANT_CONVERSION = YES;
				CLANG_WARN_DIRECT_OBJC_ISA_USAGE = YES_ERROR;
				CLANG_WARN_EMPTY_BODY = YES;
				CLANG_WARN_ENUM_CONVERSION = YES;
				CLANG_WARN_INT_CONVERSION = YES;
				CLANG_WARN_OBJC_ROOT_CLASS = YES_ERROR;
				CLANG_WARN__DUPLICATE_METHOD_MATCH = YES;
				"CODE_SIGN_IDENTITY[sdk=iphoneos*]" = "iPhone Developer";
				COPY_PHASE_STRIP = NO;
				GCC_C_LANGUAGE_STANDARD = gnu99;
				GCC_DYNAMIC_NO_PIC = NO;
				GCC_OPTIMIZATION_LEVEL = 0;
				GCC_PREPROCESSOR_DEFINITIONS = (
					"DEBUG=1",
					"$(inherited)",
				);
				GCC_SYMBOLS_PRIVATE_EXTERN = NO;
				GCC_WARN_64_TO_32_BIT_CONVERSION = YES;
				GCC_WARN_ABOUT_RETURN_TYPE = YES_ERROR;
				GCC_WARN_UNDECLARED_SELECTOR = YES;
				GCC_WARN_UNINITIALIZED_AUTOS = YES;
				GCC_WARN_UNUSED_FUNCTION = YES;
				GCC_WARN_UNUSED_VARIABLE = YES;
				IPHONEOS_DEPLOYMENT_TARGET = 7.0;
				ONLY_ACTIVE_ARCH = YES;
				SDKROOT = iphoneos;
				TARGETED_DEVICE_FAMILY = "1,2";
			};
			name = Debug;
		};
		2C57A0431857CCFC005CE618 /* Release */ = {
			isa = XCBuildConfiguration;
			buildSettings = {
				ALWAYS_SEARCH_USER_PATHS = NO;
				ARCHS = "$(ARCHS_STANDARD_INCLUDING_64_BIT)";
				CLANG_CXX_LANGUAGE_STANDARD = "gnu++0x";
				CLANG_CXX_LIBRARY = "libc++";
				CLANG_ENABLE_MODULES = YES;
				CLANG_ENABLE_OBJC_ARC = YES;
				CLANG_WARN_BOOL_CONVERSION = YES;
				CLANG_WARN_CONSTANT_CONVERSION = YES;
				CLANG_WARN_DIRECT_OBJC_ISA_USAGE = YES_ERROR;
				CLANG_WARN_EMPTY_BODY = YES;
				CLANG_WARN_ENUM_CONVERSION = YES;
				CLANG_WARN_INT_CONVERSION = YES;
				CLANG_WARN_OBJC_ROOT_CLASS = YES_ERROR;
				CLANG_WARN__DUPLICATE_METHOD_MATCH = YES;
				"CODE_SIGN_IDENTITY[sdk=iphoneos*]" = "iPhone Developer";
				COPY_PHASE_STRIP = YES;
				ENABLE_NS_ASSERTIONS = NO;
				GCC_C_LANGUAGE_STANDARD = gnu99;
				GCC_WARN_64_TO_32_BIT_CONVERSION = YES;
				GCC_WARN_ABOUT_RETURN_TYPE = YES_ERROR;
				GCC_WARN_UNDECLARED_SELECTOR = YES;
				GCC_WARN_UNINITIALIZED_AUTOS = YES;
				GCC_WARN_UNUSED_FUNCTION = YES;
				GCC_WARN_UNUSED_VARIABLE = YES;
				IPHONEOS_DEPLOYMENT_TARGET = 7.0;
				SDKROOT = iphoneos;
				TARGETED_DEVICE_FAMILY = "1,2";
				VALIDATE_PRODUCT = YES;
			};
			name = Release;
		};
		2C57A0451857CCFC005CE618 /* Debug */ = {
			isa = XCBuildConfiguration;
			buildSettings = {
				ASSETCATALOG_COMPILER_APPICON_NAME = AppIcon;
				ASSETCATALOG_COMPILER_LAUNCHIMAGE_NAME = LaunchImage;
				GCC_PRECOMPILE_PREFIX_HEADER = YES;
				GCC_PREFIX_HEADER = "FunObjc Examples/FunObjc Examples-Prefix.pch";
				INFOPLIST_FILE = "FunObjc Examples/FunObjc Examples-Info.plist";
				PRODUCT_NAME = "$(TARGET_NAME)";
				WRAPPER_EXTENSION = app;
			};
			name = Debug;
		};
		2C57A0461857CCFC005CE618 /* Release */ = {
			isa = XCBuildConfiguration;
			buildSettings = {
				ASSETCATALOG_COMPILER_APPICON_NAME = AppIcon;
				ASSETCATALOG_COMPILER_LAUNCHIMAGE_NAME = LaunchImage;
				GCC_PRECOMPILE_PREFIX_HEADER = YES;
				GCC_PREFIX_HEADER = "FunObjc Examples/FunObjc Examples-Prefix.pch";
				INFOPLIST_FILE = "FunObjc Examples/FunObjc Examples-Info.plist";
				PRODUCT_NAME = "$(TARGET_NAME)";
				WRAPPER_EXTENSION = app;
			};
			name = Release;
		};
		2C57A0481857CCFC005CE618 /* Debug */ = {
			isa = XCBuildConfiguration;
			buildSettings = {
				ARCHS = "$(ARCHS_STANDARD_INCLUDING_64_BIT)";
				BUNDLE_LOADER = "$(BUILT_PRODUCTS_DIR)/FunObjc Examples.app/FunObjc Examples";
				FRAMEWORK_SEARCH_PATHS = (
					"$(SDKROOT)/Developer/Library/Frameworks",
					"$(inherited)",
					"$(DEVELOPER_FRAMEWORKS_DIR)",
				);
				GCC_PRECOMPILE_PREFIX_HEADER = YES;
				GCC_PREFIX_HEADER = "FunObjc Examples/FunObjc Examples-Prefix.pch";
				GCC_PREPROCESSOR_DEFINITIONS = (
					"DEBUG=1",
					"$(inherited)",
				);
				INFOPLIST_FILE = "FunObjc ExamplesTests/FunObjc ExamplesTests-Info.plist";
				PRODUCT_NAME = "$(TARGET_NAME)";
				TEST_HOST = "$(BUNDLE_LOADER)";
				WRAPPER_EXTENSION = xctest;
			};
			name = Debug;
		};
		2C57A0491857CCFC005CE618 /* Release */ = {
			isa = XCBuildConfiguration;
			buildSettings = {
				ARCHS = "$(ARCHS_STANDARD_INCLUDING_64_BIT)";
				BUNDLE_LOADER = "$(BUILT_PRODUCTS_DIR)/FunObjc Examples.app/FunObjc Examples";
				FRAMEWORK_SEARCH_PATHS = (
					"$(SDKROOT)/Developer/Library/Frameworks",
					"$(inherited)",
					"$(DEVELOPER_FRAMEWORKS_DIR)",
				);
				GCC_PRECOMPILE_PREFIX_HEADER = YES;
				GCC_PREFIX_HEADER = "FunObjc Examples/FunObjc Examples-Prefix.pch";
				INFOPLIST_FILE = "FunObjc ExamplesTests/FunObjc ExamplesTests-Info.plist";
				PRODUCT_NAME = "$(TARGET_NAME)";
				TEST_HOST = "$(BUNDLE_LOADER)";
				WRAPPER_EXTENSION = xctest;
			};
			name = Release;
		};
/* End XCBuildConfiguration section */

/* Begin XCConfigurationList section */
		2C57A0131857CCFC005CE618 /* Build configuration list for PBXProject "FunObjc Examples" */ = {
			isa = XCConfigurationList;
			buildConfigurations = (
				2C57A0421857CCFC005CE618 /* Debug */,
				2C57A0431857CCFC005CE618 /* Release */,
			);
			defaultConfigurationIsVisible = 0;
			defaultConfigurationName = Release;
		};
		2C57A0441857CCFC005CE618 /* Build configuration list for PBXNativeTarget "FunObjc Examples" */ = {
			isa = XCConfigurationList;
			buildConfigurations = (
				2C57A0451857CCFC005CE618 /* Debug */,
				2C57A0461857CCFC005CE618 /* Release */,
			);
			defaultConfigurationIsVisible = 0;
			defaultConfigurationName = Release;
		};
		2C57A0471857CCFC005CE618 /* Build configuration list for PBXNativeTarget "FunObjc ExamplesTests" */ = {
			isa = XCConfigurationList;
			buildConfigurations = (
				2C57A0481857CCFC005CE618 /* Debug */,
				2C57A0491857CCFC005CE618 /* Release */,
			);
			defaultConfigurationIsVisible = 0;
			defaultConfigurationName = Release;
		};
/* End XCConfigurationList section */
	};
	rootObject = 2C57A0101857CCFC005CE618 /* Project object */;
}
